
Microsoft Visual Studio Solution File, Format Version 12.00
# Visual Studio Version 16
VisualStudioVersion = 16.0.29102.190
MinimumVisualStudioVersion = 10.0.40219.1
Project("{9A19103F-16F7-4668-BE54-9A1E7A4F7556}") = "AbstractFactoryProject", "AbstractFactory\AbstractFactoryProject.csproj", "{916474C1-AE42-4295-8FD1-AF79A0E01423}"
EndProject
Project("{9A19103F-16F7-4668-BE54-9A1E7A4F7556}") = "Adapter", "Adapter\Adapter.csproj", "{67AD5F29-A08E-4094-B7B7-CB510F4C0F75}"
EndProject
Project("{9A19103F-16F7-4668-BE54-9A1E7A4F7556}") = "Bridge", "Bridge\Bridge.csproj", "{C1D7B954-FA38-43BF-9537-2ED9AD7CED7D}"
EndProject
Project("{9A19103F-16F7-4668-BE54-9A1E7A4F7556}") = "Builder", "Builder\Builder.csproj", "{FF891FD2-895A-4EE9-B0B2-86DB6CD779CC}"
EndProject
Project("{9A19103F-16F7-4668-BE54-9A1E7A4F7556}") = "Composite", "Composite\Composite.csproj", "{15238B22-706D-465E-8A2B-656027173C71}"
EndProject
Project("{9A19103F-16F7-4668-BE54-9A1E7A4F7556}") = "Decorator", "Decorator\Decorator.csproj", "{DF59D889-E193-4985-ABD4-709CD359E575}"
EndProject
Project("{2150E333-8FDC-42A3-9474-1A3956D46DE8}") = "1. Creational", "1. Creational", "{D8BB23F6-35D0-43A5-B579-377C8B0182FD}"
EndProject
Project("{9A19103F-16F7-4668-BE54-9A1E7A4F7556}") = "Facade", "Facade\Facade.csproj", "{2495855F-A87B-4DA7-9C77-ED1338C0C73D}"
EndProject
Project("{9A19103F-16F7-4668-BE54-9A1E7A4F7556}") = "FactoryMethod", "FactoryMethod\FactoryMethod.csproj", "{FCC7490B-1AC0-4715-A649-24F5E574B462}"
EndProject
Project("{9A19103F-16F7-4668-BE54-9A1E7A4F7556}") = "FlyWeight", "FlyWeight\FlyWeight.csproj", "{06E19570-802F-4AB4-92ED-1DC602EC3726}"
EndProject
Project("{9A19103F-16F7-4668-BE54-9A1E7A4F7556}") = "Prototype", "Prototype\Prototype.csproj", "{D544B2BB-840A-4A74-9195-10DC70C6CD27}"
EndProject
Project("{9A19103F-16F7-4668-BE54-9A1E7A4F7556}") = "Singleton", "Singleton\Singleton.csproj", "{C05DF319-5529-4615-BA6E-4D531E5BA417}"
EndProject
Project("{2150E333-8FDC-42A3-9474-1A3956D46DE8}") = "2. Structural", "2. Structural", "{A1AD4C28-CCBF-4D99-A1F9-CBF2B3708A15}"
EndProject
Project("{9A19103F-16F7-4668-BE54-9A1E7A4F7556}") = "Proxy", "Proxy\Proxy.csproj", "{FAA68088-10CB-4A0F-9E31-4CFB1F9E3AB9}"
EndProject
Project("{2150E333-8FDC-42A3-9474-1A3956D46DE8}") = "3. Behavioral", "3. Behavioral", "{FEEDEF8E-C989-4D68-8C3F-70B653812CCB}"
EndProject
Project("{9A19103F-16F7-4668-BE54-9A1E7A4F7556}") = "ChainOfResponsibility", "ChainOfResponsibility\ChainOfResponsibility.csproj", "{43C528DD-F827-4229-BE13-CF21B710ADAD}"
EndProject
Project("{9A19103F-16F7-4668-BE54-9A1E7A4F7556}") = "Command", "Command\Command.csproj", "{72B1036B-4153-455F-B500-D67FA8A09EB2}"
EndProject
Project("{9A19103F-16F7-4668-BE54-9A1E7A4F7556}") = "Interpreter", "Interpreter\Interpreter.csproj", "{926767DD-D87A-4DD6-B200-41AB235B9E01}"
EndProject
Project("{9A19103F-16F7-4668-BE54-9A1E7A4F7556}") = "Iterator", "Iterator\Iterator.csproj", "{9618720A-64EF-4FDD-BA26-EFEE72D12F7F}"
EndProject
Project("{9A19103F-16F7-4668-BE54-9A1E7A4F7556}") = "Mediator", "Mediator\Mediator.csproj", "{2A9EA11A-1823-4870-8080-2A11F474A3FF}"
EndProject
Project("{9A19103F-16F7-4668-BE54-9A1E7A4F7556}") = "Memento", "Memento\Memento.csproj", "{2007B35D-91E8-48FC-AA5E-8F5D01ADFD44}"
EndProject
Project("{9A19103F-16F7-4668-BE54-9A1E7A4F7556}") = "Observer", "Observer\Observer.csproj", "{768BB06A-78ED-402A-9871-114ADEE0B7C7}"
EndProject
Project("{9A19103F-16F7-4668-BE54-9A1E7A4F7556}") = "State", "State\State.csproj", "{F01F0F1C-F5D6-4828-AE45-F312BC0002E6}"
EndProject
Project("{9A19103F-16F7-4668-BE54-9A1E7A4F7556}") = "Strategy", "Strategy\Strategy.csproj", "{538E88CE-943E-49E9-A206-CF979C0E81DB}"
EndProject
Project("{FAE04EC0-301F-11D3-BF4B-00C04F79EFBC}") = "TemplateMethod", "TemplateMethod\TemplateMethod.csproj", "{6C07C18D-B28A-4180-B1CB-C9724400C782}"
EndProject
Global
	GlobalSection(SolutionConfigurationPlatforms) = preSolution
		Debug|Any CPU = Debug|Any CPU
		Release|Any CPU = Release|Any CPU
	EndGlobalSection
	GlobalSection(ProjectConfigurationPlatforms) = postSolution
		{916474C1-AE42-4295-8FD1-AF79A0E01423}.Debug|Any CPU.ActiveCfg = Debug|Any CPU
		{916474C1-AE42-4295-8FD1-AF79A0E01423}.Debug|Any CPU.Build.0 = Debug|Any CPU
		{916474C1-AE42-4295-8FD1-AF79A0E01423}.Release|Any CPU.ActiveCfg = Release|Any CPU
		{916474C1-AE42-4295-8FD1-AF79A0E01423}.Release|Any CPU.Build.0 = Release|Any CPU
		{67AD5F29-A08E-4094-B7B7-CB510F4C0F75}.Debug|Any CPU.ActiveCfg = Debug|Any CPU
		{67AD5F29-A08E-4094-B7B7-CB510F4C0F75}.Debug|Any CPU.Build.0 = Debug|Any CPU
		{67AD5F29-A08E-4094-B7B7-CB510F4C0F75}.Release|Any CPU.ActiveCfg = Release|Any CPU
		{67AD5F29-A08E-4094-B7B7-CB510F4C0F75}.Release|Any CPU.Build.0 = Release|Any CPU
		{C1D7B954-FA38-43BF-9537-2ED9AD7CED7D}.Debug|Any CPU.ActiveCfg = Debug|Any CPU
		{C1D7B954-FA38-43BF-9537-2ED9AD7CED7D}.Debug|Any CPU.Build.0 = Debug|Any CPU
		{C1D7B954-FA38-43BF-9537-2ED9AD7CED7D}.Release|Any CPU.ActiveCfg = Release|Any CPU
		{C1D7B954-FA38-43BF-9537-2ED9AD7CED7D}.Release|Any CPU.Build.0 = Release|Any CPU
		{FF891FD2-895A-4EE9-B0B2-86DB6CD779CC}.Debug|Any CPU.ActiveCfg = Debug|Any CPU
		{FF891FD2-895A-4EE9-B0B2-86DB6CD779CC}.Debug|Any CPU.Build.0 = Debug|Any CPU
		{FF891FD2-895A-4EE9-B0B2-86DB6CD779CC}.Release|Any CPU.ActiveCfg = Release|Any CPU
		{FF891FD2-895A-4EE9-B0B2-86DB6CD779CC}.Release|Any CPU.Build.0 = Release|Any CPU
		{15238B22-706D-465E-8A2B-656027173C71}.Debug|Any CPU.ActiveCfg = Debug|Any CPU
		{15238B22-706D-465E-8A2B-656027173C71}.Debug|Any CPU.Build.0 = Debug|Any CPU
		{15238B22-706D-465E-8A2B-656027173C71}.Release|Any CPU.ActiveCfg = Release|Any CPU
		{15238B22-706D-465E-8A2B-656027173C71}.Release|Any CPU.Build.0 = Release|Any CPU
		{DF59D889-E193-4985-ABD4-709CD359E575}.Debug|Any CPU.ActiveCfg = Debug|Any CPU
		{DF59D889-E193-4985-ABD4-709CD359E575}.Debug|Any CPU.Build.0 = Debug|Any CPU
		{DF59D889-E193-4985-ABD4-709CD359E575}.Release|Any CPU.ActiveCfg = Release|Any CPU
		{DF59D889-E193-4985-ABD4-709CD359E575}.Release|Any CPU.Build.0 = Release|Any CPU
		{2495855F-A87B-4DA7-9C77-ED1338C0C73D}.Debug|Any CPU.ActiveCfg = Debug|Any CPU
		{2495855F-A87B-4DA7-9C77-ED1338C0C73D}.Debug|Any CPU.Build.0 = Debug|Any CPU
		{2495855F-A87B-4DA7-9C77-ED1338C0C73D}.Release|Any CPU.ActiveCfg = Release|Any CPU
		{2495855F-A87B-4DA7-9C77-ED1338C0C73D}.Release|Any CPU.Build.0 = Release|Any CPU
		{FCC7490B-1AC0-4715-A649-24F5E574B462}.Debug|Any CPU.ActiveCfg = Debug|Any CPU
		{FCC7490B-1AC0-4715-A649-24F5E574B462}.Debug|Any CPU.Build.0 = Debug|Any CPU
		{FCC7490B-1AC0-4715-A649-24F5E574B462}.Release|Any CPU.ActiveCfg = Release|Any CPU
		{FCC7490B-1AC0-4715-A649-24F5E574B462}.Release|Any CPU.Build.0 = Release|Any CPU
		{06E19570-802F-4AB4-92ED-1DC602EC3726}.Debug|Any CPU.ActiveCfg = Debug|Any CPU
		{06E19570-802F-4AB4-92ED-1DC602EC3726}.Debug|Any CPU.Build.0 = Debug|Any CPU
		{06E19570-802F-4AB4-92ED-1DC602EC3726}.Release|Any CPU.ActiveCfg = Release|Any CPU
		{06E19570-802F-4AB4-92ED-1DC602EC3726}.Release|Any CPU.Build.0 = Release|Any CPU
		{D544B2BB-840A-4A74-9195-10DC70C6CD27}.Debug|Any CPU.ActiveCfg = Debug|Any CPU
		{D544B2BB-840A-4A74-9195-10DC70C6CD27}.Debug|Any CPU.Build.0 = Debug|Any CPU
		{D544B2BB-840A-4A74-9195-10DC70C6CD27}.Release|Any CPU.ActiveCfg = Release|Any CPU
		{D544B2BB-840A-4A74-9195-10DC70C6CD27}.Release|Any CPU.Build.0 = Release|Any CPU
		{C05DF319-5529-4615-BA6E-4D531E5BA417}.Debug|Any CPU.ActiveCfg = Debug|Any CPU
		{C05DF319-5529-4615-BA6E-4D531E5BA417}.Debug|Any CPU.Build.0 = Debug|Any CPU
		{C05DF319-5529-4615-BA6E-4D531E5BA417}.Release|Any CPU.ActiveCfg = Release|Any CPU
		{C05DF319-5529-4615-BA6E-4D531E5BA417}.Release|Any CPU.Build.0 = Release|Any CPU
		{FAA68088-10CB-4A0F-9E31-4CFB1F9E3AB9}.Debug|Any CPU.ActiveCfg = Debug|Any CPU
		{FAA68088-10CB-4A0F-9E31-4CFB1F9E3AB9}.Debug|Any CPU.Build.0 = Debug|Any CPU
		{FAA68088-10CB-4A0F-9E31-4CFB1F9E3AB9}.Release|Any CPU.ActiveCfg = Release|Any CPU
		{FAA68088-10CB-4A0F-9E31-4CFB1F9E3AB9}.Release|Any CPU.Build.0 = Release|Any CPU
		{43C528DD-F827-4229-BE13-CF21B710ADAD}.Debug|Any CPU.ActiveCfg = Debug|Any CPU
		{43C528DD-F827-4229-BE13-CF21B710ADAD}.Debug|Any CPU.Build.0 = Debug|Any CPU
		{43C528DD-F827-4229-BE13-CF21B710ADAD}.Release|Any CPU.ActiveCfg = Release|Any CPU
		{43C528DD-F827-4229-BE13-CF21B710ADAD}.Release|Any CPU.Build.0 = Release|Any CPU
		{72B1036B-4153-455F-B500-D67FA8A09EB2}.Debug|Any CPU.ActiveCfg = Debug|Any CPU
		{72B1036B-4153-455F-B500-D67FA8A09EB2}.Debug|Any CPU.Build.0 = Debug|Any CPU
		{72B1036B-4153-455F-B500-D67FA8A09EB2}.Release|Any CPU.ActiveCfg = Release|Any CPU
		{72B1036B-4153-455F-B500-D67FA8A09EB2}.Release|Any CPU.Build.0 = Release|Any CPU
		{926767DD-D87A-4DD6-B200-41AB235B9E01}.Debug|Any CPU.ActiveCfg = Debug|Any CPU
		{926767DD-D87A-4DD6-B200-41AB235B9E01}.Debug|Any CPU.Build.0 = Debug|Any CPU
		{926767DD-D87A-4DD6-B200-41AB235B9E01}.Release|Any CPU.ActiveCfg = Release|Any CPU
		{926767DD-D87A-4DD6-B200-41AB235B9E01}.Release|Any CPU.Build.0 = Release|Any CPU
		{9618720A-64EF-4FDD-BA26-EFEE72D12F7F}.Debug|Any CPU.ActiveCfg = Debug|Any CPU
		{9618720A-64EF-4FDD-BA26-EFEE72D12F7F}.Debug|Any CPU.Build.0 = Debug|Any CPU
		{9618720A-64EF-4FDD-BA26-EFEE72D12F7F}.Release|Any CPU.ActiveCfg = Release|Any CPU
		{9618720A-64EF-4FDD-BA26-EFEE72D12F7F}.Release|Any CPU.Build.0 = Release|Any CPU
		{2A9EA11A-1823-4870-8080-2A11F474A3FF}.Debug|Any CPU.ActiveCfg = Debug|Any CPU
		{2A9EA11A-1823-4870-8080-2A11F474A3FF}.Debug|Any CPU.Build.0 = Debug|Any CPU
		{2A9EA11A-1823-4870-8080-2A11F474A3FF}.Release|Any CPU.ActiveCfg = Release|Any CPU
		{2A9EA11A-1823-4870-8080-2A11F474A3FF}.Release|Any CPU.Build.0 = Release|Any CPU
		{2007B35D-91E8-48FC-AA5E-8F5D01ADFD44}.Debug|Any CPU.ActiveCfg = Debug|Any CPU
		{2007B35D-91E8-48FC-AA5E-8F5D01ADFD44}.Debug|Any CPU.Build.0 = Debug|Any CPU
		{2007B35D-91E8-48FC-AA5E-8F5D01ADFD44}.Release|Any CPU.ActiveCfg = Release|Any CPU
		{2007B35D-91E8-48FC-AA5E-8F5D01ADFD44}.Release|Any CPU.Build.0 = Release|Any CPU
		{768BB06A-78ED-402A-9871-114ADEE0B7C7}.Debug|Any CPU.ActiveCfg = Debug|Any CPU
		{768BB06A-78ED-402A-9871-114ADEE0B7C7}.Debug|Any CPU.Build.0 = Debug|Any CPU
		{768BB06A-78ED-402A-9871-114ADEE0B7C7}.Release|Any CPU.ActiveCfg = Release|Any CPU
		{768BB06A-78ED-402A-9871-114ADEE0B7C7}.Release|Any CPU.Build.0 = Release|Any CPU
		{F01F0F1C-F5D6-4828-AE45-F312BC0002E6}.Debug|Any CPU.ActiveCfg = Debug|Any CPU
		{F01F0F1C-F5D6-4828-AE45-F312BC0002E6}.Debug|Any CPU.Build.0 = Debug|Any CPU
		{F01F0F1C-F5D6-4828-AE45-F312BC0002E6}.Release|Any CPU.ActiveCfg = Release|Any CPU
		{F01F0F1C-F5D6-4828-AE45-F312BC0002E6}.Release|Any CPU.Build.0 = Release|Any CPU
		{538E88CE-943E-49E9-A206-CF979C0E81DB}.Debug|Any CPU.ActiveCfg = Debug|Any CPU
		{538E88CE-943E-49E9-A206-CF979C0E81DB}.Debug|Any CPU.Build.0 = Debug|Any CPU
		{538E88CE-943E-49E9-A206-CF979C0E81DB}.Release|Any CPU.ActiveCfg = Release|Any CPU
		{538E88CE-943E-49E9-A206-CF979C0E81DB}.Release|Any CPU.Build.0 = Release|Any CPU
		{6C07C18D-B28A-4180-B1CB-C9724400C782}.Debug|Any CPU.ActiveCfg = Debug|Any CPU
		{6C07C18D-B28A-4180-B1CB-C9724400C782}.Debug|Any CPU.Build.0 = Debug|Any CPU
		{6C07C18D-B28A-4180-B1CB-C9724400C782}.Release|Any CPU.ActiveCfg = Release|Any CPU
		{6C07C18D-B28A-4180-B1CB-C9724400C782}.Release|Any CPU.Build.0 = Release|Any CPU
	EndGlobalSection
	GlobalSection(SolutionProperties) = preSolution
		HideSolutionNode = FALSE
	EndGlobalSection
	GlobalSection(NestedProjects) = preSolution
		{916474C1-AE42-4295-8FD1-AF79A0E01423} = {D8BB23F6-35D0-43A5-B579-377C8B0182FD}
		{67AD5F29-A08E-4094-B7B7-CB510F4C0F75} = {A1AD4C28-CCBF-4D99-A1F9-CBF2B3708A15}
		{C1D7B954-FA38-43BF-9537-2ED9AD7CED7D} = {A1AD4C28-CCBF-4D99-A1F9-CBF2B3708A15}
		{FF891FD2-895A-4EE9-B0B2-86DB6CD779CC} = {D8BB23F6-35D0-43A5-B579-377C8B0182FD}
		{15238B22-706D-465E-8A2B-656027173C71} = {A1AD4C28-CCBF-4D99-A1F9-CBF2B3708A15}
		{DF59D889-E193-4985-ABD4-709CD359E575} = {A1AD4C28-CCBF-4D99-A1F9-CBF2B3708A15}
		{2495855F-A87B-4DA7-9C77-ED1338C0C73D} = {A1AD4C28-CCBF-4D99-A1F9-CBF2B3708A15}
		{FCC7490B-1AC0-4715-A649-24F5E574B462} = {D8BB23F6-35D0-43A5-B579-377C8B0182FD}
		{06E19570-802F-4AB4-92ED-1DC602EC3726} = {A1AD4C28-CCBF-4D99-A1F9-CBF2B3708A15}
		{D544B2BB-840A-4A74-9195-10DC70C6CD27} = {D8BB23F6-35D0-43A5-B579-377C8B0182FD}
		{C05DF319-5529-4615-BA6E-4D531E5BA417} = {D8BB23F6-35D0-43A5-B579-377C8B0182FD}
		{FAA68088-10CB-4A0F-9E31-4CFB1F9E3AB9} = {A1AD4C28-CCBF-4D99-A1F9-CBF2B3708A15}
		{43C528DD-F827-4229-BE13-CF21B710ADAD} = {FEEDEF8E-C989-4D68-8C3F-70B653812CCB}
		{72B1036B-4153-455F-B500-D67FA8A09EB2} = {FEEDEF8E-C989-4D68-8C3F-70B653812CCB}
		{926767DD-D87A-4DD6-B200-41AB235B9E01} = {FEEDEF8E-C989-4D68-8C3F-70B653812CCB}
		{9618720A-64EF-4FDD-BA26-EFEE72D12F7F} = {FEEDEF8E-C989-4D68-8C3F-70B653812CCB}
		{2A9EA11A-1823-4870-8080-2A11F474A3FF} = {FEEDEF8E-C989-4D68-8C3F-70B653812CCB}
		{2007B35D-91E8-48FC-AA5E-8F5D01ADFD44} = {FEEDEF8E-C989-4D68-8C3F-70B653812CCB}
		{768BB06A-78ED-402A-9871-114ADEE0B7C7} = {FEEDEF8E-C989-4D68-8C3F-70B653812CCB}
		{F01F0F1C-F5D6-4828-AE45-F312BC0002E6} = {FEEDEF8E-C989-4D68-8C3F-70B653812CCB}
		{538E88CE-943E-49E9-A206-CF979C0E81DB} = {FEEDEF8E-C989-4D68-8C3F-70B653812CCB}
		{6C07C18D-B28A-4180-B1CB-C9724400C782} = {FEEDEF8E-C989-4D68-8C3F-70B653812CCB}
	EndGlobalSection
	GlobalSection(ExtensibilityGlobals) = postSolution
		SolutionGuid = {7F6E4679-EB71-4ACF-84DC-7CCE1338D4BF}
	EndGlobalSection
EndGlobal
